
Microsoft Visual Studio Solution File, Format Version 12.00
# Visual Studio 15
VisualStudioVersion = 15.0.27428.1
MinimumVisualStudioVersion = 10.0.40219.1
Project("{FAE04EC0-301F-11D3-BF4B-00C04F79EFBC}") = "xamarinui.Android", "xamarinui\xamarinui.Android\xamarinui.Android.csproj", "{2A30CE91-02BE-49F0-B951-9285ABF897EF}"
EndProject
Project("{FAE04EC0-301F-11D3-BF4B-00C04F79EFBC}") = "xamarinui.iOS", "xamarinui\xamarinui.iOS\xamarinui.iOS.csproj", "{0F8895F3-036D-47F6-BFF8-C6DB171ADF04}"
EndProject
Project("{FAE04EC0-301F-11D3-BF4B-00C04F79EFBC}") = "xamarinui", "xamarinui\xamarinui\xamarinui.csproj", "{263C2CA7-7F6F-48C8-864F-C75DD04887E1}"
EndProject
Global
	GlobalSection(SolutionConfigurationPlatforms) = preSolution
		Ad-Hoc|Any CPU = Ad-Hoc|Any CPU
		Ad-Hoc|iPhone = Ad-Hoc|iPhone
		Ad-Hoc|iPhoneSimulator = Ad-Hoc|iPhoneSimulator
		AppStore|Any CPU = AppStore|Any CPU
		AppStore|iPhone = AppStore|iPhone
		AppStore|iPhoneSimulator = AppStore|iPhoneSimulator
		Debug|Any CPU = Debug|Any CPU
		Debug|iPhone = Debug|iPhone
		Debug|iPhoneSimulator = Debug|iPhoneSimulator
		Release|Any CPU = Release|Any CPU
		Release|iPhone = Release|iPhone
		Release|iPhoneSimulator = Release|iPhoneSimulator
	EndGlobalSection
	GlobalSection(ProjectConfigurationPlatforms) = postSolution
		{2A30CE91-02BE-49F0-B951-9285ABF897EF}.Ad-Hoc|Any CPU.ActiveCfg = Release|Any CPU
		{2A30CE91-02BE-49F0-B951-9285ABF897EF}.Ad-Hoc|Any CPU.Build.0 = Release|Any CPU
		{2A30CE91-02BE-49F0-B951-9285ABF897EF}.Ad-Hoc|Any CPU.Deploy.0 = Release|Any CPU
		{2A30CE91-02BE-49F0-B951-9285ABF897EF}.Ad-Hoc|iPhone.ActiveCfg = Release|Any CPU
		{2A30CE91-02BE-49F0-B951-9285ABF897EF}.Ad-Hoc|iPhone.Build.0 = Release|Any CPU
		{2A30CE91-02BE-49F0-B951-9285ABF897EF}.Ad-Hoc|iPhone.Deploy.0 = Release|Any CPU
		{2A30CE91-02BE-49F0-B951-9285ABF897EF}.Ad-Hoc|iPhoneSimulator.ActiveCfg = Release|Any CPU
		{2A30CE91-02BE-49F0-B951-9285ABF897EF}.Ad-Hoc|iPhoneSimulator.Build.0 = Release|Any CPU
		{2A30CE91-02BE-49F0-B951-9285ABF897EF}.Ad-Hoc|iPhoneSimulator.Deploy.0 = Release|Any CPU
		{2A30CE91-02BE-49F0-B951-9285ABF897EF}.AppStore|Any CPU.ActiveCfg = Release|Any CPU
		{2A30CE91-02BE-49F0-B951-9285ABF897EF}.AppStore|Any CPU.Build.0 = Release|Any CPU
		{2A30CE91-02BE-49F0-B951-9285ABF897EF}.AppStore|Any CPU.Deploy.0 = Release|Any CPU
		{2A30CE91-02BE-49F0-B951-9285ABF897EF}.AppStore|iPhone.ActiveCfg = Release|Any CPU
		{2A30CE91-02BE-49F0-B951-9285ABF897EF}.AppStore|iPhone.Build.0 = Release|Any CPU
		{2A30CE91-02BE-49F0-B951-9285ABF897EF}.AppStore|iPhone.Deploy.0 = Release|Any CPU
		{2A30CE91-02BE-49F0-B951-9285ABF897EF}.AppStore|iPhoneSimulator.ActiveCfg = Release|Any CPU
		{2A30CE91-02BE-49F0-B951-9285ABF897EF}.AppStore|iPhoneSimulator.Build.0 = Release|Any CPU
		{2A30CE91-02BE-49F0-B951-9285ABF897EF}.AppStore|iPhoneSimulator.Deploy.0 = Release|Any CPU
		{2A30CE91-02BE-49F0-B951-9285ABF897EF}.Debug|Any CPU.ActiveCfg = Debug|Any CPU
		{2A30CE91-02BE-49F0-B951-9285ABF897EF}.Debug|Any CPU.Build.0 = Debug|Any CPU
		{2A30CE91-02BE-49F0-B951-9285ABF897EF}.Debug|Any CPU.Deploy.0 = Debug|Any CPU
		{2A30CE91-02BE-49F0-B951-9285ABF897EF}.Debug|iPhone.ActiveCfg = Debug|Any CPU
		{2A30CE91-02BE-49F0-B951-9285ABF897EF}.Debug|iPhone.Build.0 = Debug|Any CPU
		{2A30CE91-02BE-49F0-B951-9285ABF897EF}.Debug|iPhone.Deploy.0 = Debug|Any CPU
		{2A30CE91-02BE-49F0-B951-9285ABF897EF}.Debug|iPhoneSimulator.ActiveCfg = Debug|Any CPU
		{2A30CE91-02BE-49F0-B951-9285ABF897EF}.Debug|iPhoneSimulator.Build.0 = Debug|Any CPU
		{2A30CE91-02BE-49F0-B951-9285ABF897EF}.Debug|iPhoneSimulator.Deploy.0 = Debug|Any CPU
		{2A30CE91-02BE-49F0-B951-9285ABF897EF}.Release|Any CPU.ActiveCfg = Release|Any CPU
		{2A30CE91-02BE-49F0-B951-9285ABF897EF}.Release|Any CPU.Build.0 = Release|Any CPU
		{2A30CE91-02BE-49F0-B951-9285ABF897EF}.Release|Any CPU.Deploy.0 = Release|Any CPU
		{2A30CE91-02BE-49F0-B951-9285ABF897EF}.Release|iPhone.ActiveCfg = Release|Any CPU
		{2A30CE91-02BE-49F0-B951-9285ABF897EF}.Release|iPhone.Build.0 = Release|Any CPU
		{2A30CE91-02BE-49F0-B951-9285ABF897EF}.Release|iPhone.Deploy.0 = Release|Any CPU
		{2A30CE91-02BE-49F0-B951-9285ABF897EF}.Release|iPhoneSimulator.ActiveCfg = Release|Any CPU
		{2A30CE91-02BE-49F0-B951-9285ABF897EF}.Release|iPhoneSimulator.Build.0 = Release|Any CPU
		{2A30CE91-02BE-49F0-B951-9285ABF897EF}.Release|iPhoneSimulator.Deploy.0 = Release|Any CPU
		{0F8895F3-036D-47F6-BFF8-C6DB171ADF04}.Ad-Hoc|Any CPU.ActiveCfg = Ad-Hoc|iPhone
		{0F8895F3-036D-47F6-BFF8-C6DB171ADF04}.Ad-Hoc|iPhone.ActiveCfg = Ad-Hoc|iPhone
		{0F8895F3-036D-47F6-BFF8-C6DB171ADF04}.Ad-Hoc|iPhone.Build.0 = Ad-Hoc|iPhone
		{0F8895F3-036D-47F6-BFF8-C6DB171ADF04}.Ad-Hoc|iPhoneSimulator.ActiveCfg = Ad-Hoc|iPhoneSimulator
		{0F8895F3-036D-47F6-BFF8-C6DB171ADF04}.Ad-Hoc|iPhoneSimulator.Build.0 = Ad-Hoc|iPhoneSimulator
		{0F8895F3-036D-47F6-BFF8-C6DB171ADF04}.AppStore|Any CPU.ActiveCfg = AppStore|iPhone
		{0F8895F3-036D-47F6-BFF8-C6DB171ADF04}.AppStore|iPhone.ActiveCfg = AppStore|iPhone
		{0F8895F3-036D-47F6-BFF8-C6DB171ADF04}.AppStore|iPhone.Build.0 = AppStore|iPhone
		{0F8895F3-036D-47F6-BFF8-C6DB171ADF04}.AppStore|iPhoneSimulator.ActiveCfg = AppStore|iPhoneSimulator
		{0F8895F3-036D-47F6-BFF8-C6DB171ADF04}.AppStore|iPhoneSimulator.Build.0 = AppStore|iPhoneSimulator
		{0F8895F3-036D-47F6-BFF8-C6DB171ADF04}.Debug|Any CPU.ActiveCfg = Debug|iPhone
		{0F8895F3-036D-47F6-BFF8-C6DB171ADF04}.Debug|iPhone.ActiveCfg = Debug|iPhone
		{0F8895F3-036D-47F6-BFF8-C6DB171ADF04}.Debug|iPhone.Build.0 = Debug|iPhone
		{0F8895F3-036D-47F6-BFF8-C6DB171ADF04}.Debug|iPhoneSimulator.ActiveCfg = Debug|iPhoneSimulator
		{0F8895F3-036D-47F6-BFF8-C6DB171ADF04}.Debug|iPhoneSimulator.Build.0 = Debug|iPhoneSimulator
		{0F8895F3-036D-47F6-BFF8-C6DB171ADF04}.Release|Any CPU.ActiveCfg = Release|iPhone
		{0F8895F3-036D-47F6-BFF8-C6DB171ADF04}.Release|iPhone.ActiveCfg = Release|iPhone
		{0F8895F3-036D-47F6-BFF8-C6DB171ADF04}.Release|iPhone.Build.0 = Release|iPhone
		{0F8895F3-036D-47F6-BFF8-C6DB171ADF04}.Release|iPhoneSimulator.ActiveCfg = Release|iPhoneSimulator
		{0F8895F3-036D-47F6-BFF8-C6DB171ADF04}.Release|iPhoneSimulator.Build.0 = Release|iPhoneSimulator
		{0F8895F3-036D-47F6-BFF8-C6DB171ADF04}.Debug|Any CPU.Build.0 = Debug|iPhone
		{263C2CA7-7F6F-48C8-864F-C75DD04887E1}.Ad-Hoc|Any CPU.ActiveCfg = Debug|Any CPU
		{263C2CA7-7F6F-48C8-864F-C75DD04887E1}.Ad-Hoc|Any CPU.Build.0 = Debug|Any CPU
		{263C2CA7-7F6F-48C8-864F-C75DD04887E1}.Ad-Hoc|iPhone.ActiveCfg = Debug|Any CPU
		{263C2CA7-7F6F-48C8-864F-C75DD04887E1}.Ad-Hoc|iPhone.Build.0 = Debug|Any CPU
		{263C2CA7-7F6F-48C8-864F-C75DD04887E1}.Ad-Hoc|iPhoneSimulator.ActiveCfg = Debug|Any CPU
		{263C2CA7-7F6F-48C8-864F-C75DD04887E1}.Ad-Hoc|iPhoneSimulator.Build.0 = Debug|Any CPU
		{263C2CA7-7F6F-48C8-864F-C75DD04887E1}.AppStore|Any CPU.ActiveCfg = Debug|Any CPU
		{263C2CA7-7F6F-48C8-864F-C75DD04887E1}.AppStore|Any CPU.Build.0 = Debug|Any CPU
		{263C2CA7-7F6F-48C8-864F-C75DD04887E1}.AppStore|iPhone.ActiveCfg = Debug|Any CPU
		{263C2CA7-7F6F-48C8-864F-C75DD04887E1}.AppStore|iPhone.Build.0 = Debug|Any CPU
		{263C2CA7-7F6F-48C8-864F-C75DD04887E1}.AppStore|iPhoneSimulator.ActiveCfg = Debug|Any CPU
		{263C2CA7-7F6F-48C8-864F-C75DD04887E1}.AppStore|iPhoneSimulator.Build.0 = Debug|Any CPU
		{263C2CA7-7F6F-48C8-864F-C75DD04887E1}.Debug|Any CPU.ActiveCfg = Debug|Any CPU
		{263C2CA7-7F6F-48C8-864F-C75DD04887E1}.Debug|Any CPU.Build.0 = Debug|Any CPU
		{263C2CA7-7F6F-48C8-864F-C75DD04887E1}.Debug|iPhone.ActiveCfg = Debug|Any CPU
		{263C2CA7-7F6F-48C8-864F-C75DD04887E1}.Debug|iPhone.Build.0 = Debug|Any CPU
		{263C2CA7-7F6F-48C8-864F-C75DD04887E1}.Debug|iPhoneSimulator.ActiveCfg = Debug|Any CPU
		{263C2CA7-7F6F-48C8-864F-C75DD04887E1}.Debug|iPhoneSimulator.Build.0 = Debug|Any CPU
		{263C2CA7-7F6F-48C8-864F-C75DD04887E1}.Release|Any CPU.ActiveCfg = Release|Any CPU
		{263C2CA7-7F6F-48C8-864F-C75DD04887E1}.Release|Any CPU.Build.0 = Release|Any CPU
		{263C2CA7-7F6F-48C8-864F-C75DD04887E1}.Release|iPhone.ActiveCfg = Release|Any CPU
		{263C2CA7-7F6F-48C8-864F-C75DD04887E1}.Release|iPhone.Build.0 = Release|Any CPU
		{263C2CA7-7F6F-48C8-864F-C75DD04887E1}.Release|iPhoneSimulator.ActiveCfg = Release|Any CPU
		{263C2CA7-7F6F-48C8-864F-C75DD04887E1}.Release|iPhoneSimulator.Build.0 = Release|Any CPU
	EndGlobalSection
	GlobalSection(SolutionProperties) = preSolution
		HideSolutionNode = FALSE
	EndGlobalSection
	GlobalSection(ExtensibilityGlobals) = postSolution
		SolutionGuid = {972DC2FB-3341-4630-A313-BCB9737A8859}
	EndGlobalSection
EndGlobal
